{
  "requires": true,
  "lockfileVersion": 1,
  "dependencies": {
    "react-zoom-pan-pinch": {
      "version": "1.6.1",
      "resolved": "https://registry.npmjs.org/react-zoom-pan-pinch/-/react-zoom-pan-pinch-1.6.1.tgz",
      "integrity": "sha512-J2eM0gZ04XiUWvmKZrOhSAB2zjyoK7kw2POIeN1X0yTTlmp6HPGV0zYfjnlkhgt8nQwpvXAbsF/oAnkuiwk1kA=="
    }
  }
}
